// !$*UTF8*$!
{
	archiveVersion = 1;
	classes = {
	};
	objectVersion = 63;
	objects = {

/* Begin PBXBuildFile section */
		01B73163D73C7F3D6A02083D /* main.swift in Sources */ = {isa = PBXBuildFile; fileRef = BCCD42A6D643E62588C41F02 /* main.swift */; };
		2530B20FDFB88305ACAD9430 /* Models.swift in Sources */ = {isa = PBXBuildFile; fileRef = 418C9AC4AED30367138A0F5F /* Models.swift */; };
		2F35EDB1F01C4825FD887816 /* AppIcon.png in Resources */ = {isa = PBXBuildFile; fileRef = DE9DBD03308CC7DC396B8F8F /* AppIcon.png */; };
		475DF7FEBE8BAAD1CE83D2DB /* PreferencesView.swift in Sources */ = {isa = PBXBuildFile; fileRef = A0BBC22E97D092A2AED621EE /* PreferencesView.swift */; };
		478BA75B2078411BBF3D1BF8 /* Recraft Untitled Image.svg in Resources */ = {isa = PBXBuildFile; fileRef = F4572C4CC6B9D1230DEF6DC2 /* Recraft Untitled Image.svg */; };
		4FCD16A0074E5564E1B532B2 /* LogWindowView.swift in Sources */ = {isa = PBXBuildFile; fileRef = F27573F125329BA4BC4D5E06 /* LogWindowView.swift */; };
		8DD262DF054E2C9B9A7E4F53 /* icon.json in Resources */ = {isa = PBXBuildFile; fileRef = 44270244F52B5BB9E1F7D28B /* icon.json */; };
		A54409C42C27FE4C7850B24D /* AppIcon.readme in Resources */ = {isa = PBXBuildFile; fileRef = DD1A2B8D16A98B5B2D169AFE /* AppIcon.readme */; };
		A63F34B92D1B6050CE9C8C25 /* MenuContentView.swift in Sources */ = {isa = PBXBuildFile; fileRef = EF49F33EB17E8E7F43F8CA5D /* MenuContentView.swift */; };
		A8F520412C43F7866928D454 /* ProcessManager.swift in Sources */ = {isa = PBXBuildFile; fileRef = 595C4AB1DB504E15EA390DB6 /* ProcessManager.swift */; };
		AD9BFC7D1C287F356DE203A8 /* PreferencesWindow.swift in Sources */ = {isa = PBXBuildFile; fileRef = 0F785AF17B03CD55C92D484D /* PreferencesWindow.swift */; };
		D0AA12F12E6DFD040015BBC9 /* Daihon.icon in Resources */ = {isa = PBXBuildFile; fileRef = D0AA12F02E6DFD040015BBC9 /* Daihon.icon */; };
		D0AA12F32E6DFD7B0015BBC9 /* DaihonApp.swift in Sources */ = {isa = PBXBuildFile; fileRef = D0AA12F22E6DFD7B0015BBC9 /* DaihonApp.swift */; };
		D0AA12F52E6DFD990015BBC9 /* main 2.swift in Sources */ = {isa = PBXBuildFile; fileRef = D0AA12F42E6DFD990015BBC9 /* main 2.swift */; };
		DC0E0077363E64B3366A4261 /* LogWindowController.swift in Sources */ = {isa = PBXBuildFile; fileRef = 9CABD316A5B0D67AC8DA1BA3 /* LogWindowController.swift */; };
		F08EBA18CC46FB8336A2E32E /* Assets.xcassets in Resources */ = {isa = PBXBuildFile; fileRef = 8556241F267F06C473AB65A6 /* Assets.xcassets */; };
/* End PBXBuildFile section */

/* Begin PBXFileReference section */
		0F785AF17B03CD55C92D484D /* PreferencesWindow.swift */ = {isa = PBXFileReference; lastKnownFileType = sourcecode.swift; path = PreferencesWindow.swift; sourceTree = "<group>"; };
		418C9AC4AED30367138A0F5F /* Models.swift */ = {isa = PBXFileReference; lastKnownFileType = sourcecode.swift; path = Models.swift; sourceTree = "<group>"; };
		44270244F52B5BB9E1F7D28B /* icon.json */ = {isa = PBXFileReference; lastKnownFileType = text.json; path = icon.json; sourceTree = "<group>"; };
		595C4AB1DB504E15EA390DB6 /* ProcessManager.swift */ = {isa = PBXFileReference; lastKnownFileType = sourcecode.swift; path = ProcessManager.swift; sourceTree = "<group>"; };
		6991A3CA78591376A1E0FCCF /* Daihon.app */ = {isa = PBXFileReference; explicitFileType = wrapper.application; includeInIndex = 0; path = Daihon.app; sourceTree = BUILT_PRODUCTS_DIR; };
		8556241F267F06C473AB65A6 /* Assets.xcassets */ = {isa = PBXFileReference; lastKnownFileType = folder.assetcatalog; path = Assets.xcassets; sourceTree = "<group>"; };
		9CABD316A5B0D67AC8DA1BA3 /* LogWindowController.swift */ = {isa = PBXFileReference; lastKnownFileType = sourcecode.swift; path = LogWindowController.swift; sourceTree = "<group>"; };
		A0BBC22E97D092A2AED621EE /* PreferencesView.swift */ = {isa = PBXFileReference; lastKnownFileType = sourcecode.swift; path = PreferencesView.swift; sourceTree = "<group>"; };
		BCCD42A6D643E62588C41F02 /* main.swift */ = {isa = PBXFileReference; lastKnownFileType = sourcecode.swift; path = main.swift; sourceTree = "<group>"; };
		D0AA12F02E6DFD040015BBC9 /* Daihon.icon */ = {isa = PBXFileReference; lastKnownFileType = folder.iconcomposer.icon; path = Daihon.icon; sourceTree = "<group>"; };
		D0AA12F22E6DFD7B0015BBC9 /* DaihonApp.swift */ = {isa = PBXFileReference; lastKnownFileType = sourcecode.swift; path = DaihonApp.swift; sourceTree = "<group>"; };
		D0AA12F42E6DFD990015BBC9 /* main 2.swift */ = {isa = PBXFileReference; lastKnownFileType = sourcecode.swift; path = "main 2.swift"; sourceTree = "<group>"; };
		DD1A2B8D16A98B5B2D169AFE /* AppIcon.readme */ = {isa = PBXFileReference; lastKnownFileType = text; path = AppIcon.readme; sourceTree = "<group>"; };
		DE9DBD03308CC7DC396B8F8F /* AppIcon.png */ = {isa = PBXFileReference; lastKnownFileType = image.png; path = AppIcon.png; sourceTree = "<group>"; };
		EF49F33EB17E8E7F43F8CA5D /* MenuContentView.swift */ = {isa = PBXFileReference; lastKnownFileType = sourcecode.swift; path = MenuContentView.swift; sourceTree = "<group>"; };
		F27573F125329BA4BC4D5E06 /* LogWindowView.swift */ = {isa = PBXFileReference; lastKnownFileType = sourcecode.swift; path = LogWindowView.swift; sourceTree = "<group>"; };
		F4572C4CC6B9D1230DEF6DC2 /* Recraft Untitled Image.svg */ = {isa = PBXFileReference; lastKnownFileType = text.xml; path = "Recraft Untitled Image.svg"; sourceTree = "<group>"; };
/* End PBXFileReference section */

/* Begin PBXGroup section */
		46EE331A750758EA8D1601EA = {
			isa = PBXGroup;
			children = (
				EB3DAEE408178A02FF306CB4 /* Sources */,
				E5E033D2484F0F333193BB04 /* Products */,
				D0AA12F02E6DFD040015BBC9 /* Daihon.icon */,
			);
			sourceTree = "<group>";
		};
		485C0D540F549CEEB1F6CACF /* Resources */ = {
			isa = PBXGroup;
			children = (
				DE9DBD03308CC7DC396B8F8F /* AppIcon.png */,
				DD1A2B8D16A98B5B2D169AFE /* AppIcon.readme */,
				8556241F267F06C473AB65A6 /* Assets.xcassets */,
				C38A65D24ECF3320D68A4D29 /* Daihon.icon */,
			);
			path = Resources;
			sourceTree = "<group>";
		};
		A585C67009D9A2D60C076ED3 /* Views */ = {
			isa = PBXGroup;
			children = (
				F27573F125329BA4BC4D5E06 /* LogWindowView.swift */,
				EF49F33EB17E8E7F43F8CA5D /* MenuContentView.swift */,
				A0BBC22E97D092A2AED621EE /* PreferencesView.swift */,
			);
			path = Views;
			sourceTree = "<group>";
		};
		C38A65D24ECF3320D68A4D29 /* Daihon.icon */ = {
			isa = PBXGroup;
			children = (
				44270244F52B5BB9E1F7D28B /* icon.json */,
				DC23E1AC3C865C8751C276FB /* Assets */,
			);
			path = Daihon.icon;
			sourceTree = "<group>";
		};
		CEF26D0121441563D32C568F /* DaihonApp */ = {
			isa = PBXGroup;
			children = (
				BCCD42A6D643E62588C41F02 /* main.swift */,
				EF340F425E1D44F834D55C48 /* Models */,
				485C0D540F549CEEB1F6CACF /* Resources */,
				D7D9BBD131F85AC95DCC71F4 /* Services */,
				A585C67009D9A2D60C076ED3 /* Views */,
				D0AA12F22E6DFD7B0015BBC9 /* DaihonApp.swift */,
				D0AA12F42E6DFD990015BBC9 /* main 2.swift */,
			);
			path = DaihonApp;
			sourceTree = "<group>";
		};
		D7D9BBD131F85AC95DCC71F4 /* Services */ = {
			isa = PBXGroup;
			children = (
				9CABD316A5B0D67AC8DA1BA3 /* LogWindowController.swift */,
				0F785AF17B03CD55C92D484D /* PreferencesWindow.swift */,
				595C4AB1DB504E15EA390DB6 /* ProcessManager.swift */,
			);
			path = Services;
			sourceTree = "<group>";
		};
		DC23E1AC3C865C8751C276FB /* Assets */ = {
			isa = PBXGroup;
			children = (
				F4572C4CC6B9D1230DEF6DC2 /* Recraft Untitled Image.svg */,
			);
			path = Assets;
			sourceTree = "<group>";
		};
		E5E033D2484F0F333193BB04 /* Products */ = {
			isa = PBXGroup;
			children = (
				6991A3CA78591376A1E0FCCF /* Daihon.app */,
			);
			name = Products;
			sourceTree = "<group>";
		};
		EB3DAEE408178A02FF306CB4 /* Sources */ = {
			isa = PBXGroup;
			children = (
				CEF26D0121441563D32C568F /* DaihonApp */,
			);
			path = Sources;
			sourceTree = "<group>";
		};
		EF340F425E1D44F834D55C48 /* Models */ = {
			isa = PBXGroup;
			children = (
				418C9AC4AED30367138A0F5F /* Models.swift */,
			);
			path = Models;
			sourceTree = "<group>";
		};
/* End PBXGroup section */

/* Begin PBXNativeTarget section */
		A9DB3C47633423F2257D4E96 /* Daihon */ = {
			isa = PBXNativeTarget;
			buildConfigurationList = 2038279F45642FB57D689124 /* Build configuration list for PBXNativeTarget "Daihon" */;
			buildPhases = (
				0F2050CA196CE2192DE2ADAA /* Sources */,
				FDD6D6241A852FC77FCAFE9D /* Resources */,
			);
			buildRules = (
			);
			dependencies = (
			);
			name = Daihon;
			packageProductDependencies = (
			);
			productName = Daihon;
			productReference = 6991A3CA78591376A1E0FCCF /* Daihon.app */;
			productType = "com.apple.product-type.application";
		};
/* End PBXNativeTarget section */

/* Begin PBXProject section */
		5BAA48B3FFC03CB029DE03D0 /* Project object */ = {
			isa = PBXProject;
			attributes = {
				BuildIndependentTargetsInParallel = YES;
				LastUpgradeCheck = 1430;
			};
			buildConfigurationList = 6352602BD64300949265FA39 /* Build configuration list for PBXProject "Daihon" */;
			compatibilityVersion = "Xcode 14.0";
			developmentRegion = en;
			hasScannedForEncodings = 0;
			knownRegions = (
				Base,
				en,
			);
			mainGroup = 46EE331A750758EA8D1601EA;
			minimizedProjectReferenceProxies = 1;
			projectDirPath = "";
			projectRoot = "";
			targets = (
				A9DB3C47633423F2257D4E96 /* Daihon */,
			);
		};
/* End PBXProject section */

/* Begin PBXResourcesBuildPhase section */
		FDD6D6241A852FC77FCAFE9D /* Resources */ = {
			isa = PBXResourcesBuildPhase;
			buildActionMask = 2147483647;
			files = (
				2F35EDB1F01C4825FD887816 /* AppIcon.png in Resources */,
				A54409C42C27FE4C7850B24D /* AppIcon.readme in Resources */,
				F08EBA18CC46FB8336A2E32E /* Assets.xcassets in Resources */,
				D0AA12F12E6DFD040015BBC9 /* Daihon.icon in Resources */,
				478BA75B2078411BBF3D1BF8 /* Recraft Untitled Image.svg in Resources */,
				8DD262DF054E2C9B9A7E4F53 /* icon.json in Resources */,
			);
			runOnlyForDeploymentPostprocessing = 0;
		};
/* End PBXResourcesBuildPhase section */

/* Begin PBXSourcesBuildPhase section */
		0F2050CA196CE2192DE2ADAA /* Sources */ = {
			isa = PBXSourcesBuildPhase;
			buildActionMask = 2147483647;
			files = (
				DC0E0077363E64B3366A4261 /* LogWindowController.swift in Sources */,
				D0AA12F32E6DFD7B0015BBC9 /* DaihonApp.swift in Sources */,
				4FCD16A0074E5564E1B532B2 /* LogWindowView.swift in Sources */,
				A63F34B92D1B6050CE9C8C25 /* MenuContentView.swift in Sources */,
				2530B20FDFB88305ACAD9430 /* Models.swift in Sources */,
				475DF7FEBE8BAAD1CE83D2DB /* PreferencesView.swift in Sources */,
				D0AA12F52E6DFD990015BBC9 /* main 2.swift in Sources */,
				AD9BFC7D1C287F356DE203A8 /* PreferencesWindow.swift in Sources */,
				A8F520412C43F7866928D454 /* ProcessManager.swift in Sources */,
				01B73163D73C7F3D6A02083D /* main.swift in Sources */,
			);
			runOnlyForDeploymentPostprocessing = 0;
		};
/* End PBXSourcesBuildPhase section */

/* Begin XCBuildConfiguration section */
		0BEFE8CC7150F3C21BE2265B /* Debug */ = {
			isa = XCBuildConfiguration;
			buildSettings = {
				ALWAYS_SEARCH_USER_PATHS = NO;
				CLANG_ANALYZER_NONNULL = YES;
				CLANG_ANALYZER_NUMBER_OBJECT_CONVERSION = YES_AGGRESSIVE;
				CLANG_CXX_LANGUAGE_STANDARD = "gnu++14";
				CLANG_CXX_LIBRARY = "libc++";
				CLANG_ENABLE_MODULES = YES;
				CLANG_ENABLE_OBJC_ARC = YES;
				CLANG_ENABLE_OBJC_WEAK = YES;
				CLANG_WARN_BLOCK_CAPTURE_AUTORELEASING = YES;
				CLANG_WARN_BOOL_CONVERSION = YES;
				CLANG_WARN_COMMA = YES;
				CLANG_WARN_CONSTANT_CONVERSION = YES;
				CLANG_WARN_DEPRECATED_OBJC_IMPLEMENTATIONS = YES;
				CLANG_WARN_DIRECT_OBJC_ISA_USAGE = YES_ERROR;
				CLANG_WARN_DOCUMENTATION_COMMENTS = YES;
				CLANG_WARN_EMPTY_BODY = YES;
				CLANG_WARN_ENUM_CONVERSION = YES;
				CLANG_WARN_INFINITE_RECURSION = YES;
				CLANG_WARN_INT_CONVERSION = YES;
				CLANG_WARN_NON_LITERAL_NULL_CONVERSION = YES;
				CLANG_WARN_OBJC_IMPLICIT_RETAIN_SELF = YES;
				CLANG_WARN_OBJC_LITERAL_CONVERSION = YES;
				CLANG_WARN_OBJC_ROOT_CLASS = YES_ERROR;
				CLANG_WARN_QUOTED_INCLUDE_IN_FRAMEWORK_HEADER = YES;
				CLANG_WARN_RANGE_LOOP_ANALYSIS = YES;
				CLANG_WARN_STRICT_PROTOTYPES = YES;
				CLANG_WARN_SUSPICIOUS_MOVE = YES;
				CLANG_WARN_UNGUARDED_AVAILABILITY = YES_AGGRESSIVE;
				CLANG_WARN_UNREACHABLE_CODE = YES;
				CLANG_WARN__DUPLICATE_METHOD_MATCH = YES;
				COPY_PHASE_STRIP = NO;
				DEBUG_INFORMATION_FORMAT = dwarf;
				ENABLE_STRICT_OBJC_MSGSEND = YES;
				ENABLE_TESTABILITY = YES;
				GCC_C_LANGUAGE_STANDARD = gnu11;
				GCC_DYNAMIC_NO_PIC = NO;
				GCC_NO_COMMON_BLOCKS = YES;
				GCC_OPTIMIZATION_LEVEL = 0;
				GCC_PREPROCESSOR_DEFINITIONS = (
					"$(inherited)",
					"DEBUG=1",
				);
				GCC_WARN_64_TO_32_BIT_CONVERSION = YES;
				GCC_WARN_ABOUT_RETURN_TYPE = YES_ERROR;
				GCC_WARN_UNDECLARED_SELECTOR = YES;
				GCC_WARN_UNINITIALIZED_AUTOS = YES_AGGRESSIVE;
				GCC_WARN_UNUSED_FUNCTION = YES;
				GCC_WARN_UNUSED_VARIABLE = YES;
				MACOSX_DEPLOYMENT_TARGET = 13.0;
				MTL_ENABLE_DEBUG_INFO = INCLUDE_SOURCE;
				MTL_FAST_MATH = YES;
				ONLY_ACTIVE_ARCH = YES;
				PRODUCT_NAME = "$(TARGET_NAME)";
				SDKROOT = macosx;
				SWIFT_ACTIVE_COMPILATION_CONDITIONS = DEBUG;
				SWIFT_OPTIMIZATION_LEVEL = "-Onone";
				SWIFT_VERSION = 5.9;
			};
			name = Debug;
		};
		6A8197AE7A1A51327074FB35 /* Debug */ = {
			isa = XCBuildConfiguration;
			buildSettings = {
				ASSETCATALOG_COMPILER_APPICON_NAME = AppIcon;
				COMBINE_HIDPI_IMAGES = YES;
				GENERATE_INFOPLIST_FILE = YES;
				INFOPLIST_KEY_CFBundleDisplayName = Daihon;
				INFOPLIST_KEY_CFBundleName = Daihon;
				INFOPLIST_KEY_LSMinimumSystemVersion = 13.0;
				LD_RUNPATH_SEARCH_PATHS = (
					"$(inherited)",
					"@executable_path/../Frameworks",
				);
				MACOSX_DEPLOYMENT_TARGET = 13.0;
				PRODUCT_BUNDLE_IDENTIFIER = com.genericmilk.daihon;
				PRODUCT_NAME = Daihon;
				SDKROOT = macosx;
			};
			name = Debug;
		};
		6FB2BD4C6A20E087CA7BC3BE /* Release */ = {
			isa = XCBuildConfiguration;
			buildSettings = {
				ALWAYS_SEARCH_USER_PATHS = NO;
				CLANG_ANALYZER_NONNULL = YES;
				CLANG_ANALYZER_NUMBER_OBJECT_CONVERSION = YES_AGGRESSIVE;
				CLANG_CXX_LANGUAGE_STANDARD = "gnu++14";
				CLANG_CXX_LIBRARY = "libc++";
				CLANG_ENABLE_MODULES = YES;
				CLANG_ENABLE_OBJC_ARC = YES;
				CLANG_ENABLE_OBJC_WEAK = YES;
				CLANG_WARN_BLOCK_CAPTURE_AUTORELEASING = YES;
				CLANG_WARN_BOOL_CONVERSION = YES;
				CLANG_WARN_COMMA = YES;
				CLANG_WARN_CONSTANT_CONVERSION = YES;
				CLANG_WARN_DEPRECATED_OBJC_IMPLEMENTATIONS = YES;
				CLANG_WARN_DIRECT_OBJC_ISA_USAGE = YES_ERROR;
				CLANG_WARN_DOCUMENTATION_COMMENTS = YES;
				CLANG_WARN_EMPTY_BODY = YES;
				CLANG_WARN_ENUM_CONVERSION = YES;
				CLANG_WARN_INFINITE_RECURSION = YES;
				CLANG_WARN_INT_CONVERSION = YES;
				CLANG_WARN_NON_LITERAL_NULL_CONVERSION = YES;
				CLANG_WARN_OBJC_IMPLICIT_RETAIN_SELF = YES;
				CLANG_WARN_OBJC_LITERAL_CONVERSION = YES;
				CLANG_WARN_OBJC_ROOT_CLASS = YES_ERROR;
				CLANG_WARN_QUOTED_INCLUDE_IN_FRAMEWORK_HEADER = YES;
				CLANG_WARN_RANGE_LOOP_ANALYSIS = YES;
				CLANG_WARN_STRICT_PROTOTYPES = YES;
				CLANG_WARN_SUSPICIOUS_MOVE = YES;
				CLANG_WARN_UNGUARDED_AVAILABILITY = YES_AGGRESSIVE;
				CLANG_WARN_UNREACHABLE_CODE = YES;
				CLANG_WARN__DUPLICATE_METHOD_MATCH = YES;
				COPY_PHASE_STRIP = NO;
				DEBUG_INFORMATION_FORMAT = "dwarf-with-dsym";
				ENABLE_NS_ASSERTIONS = NO;
				ENABLE_STRICT_OBJC_MSGSEND = YES;
				GCC_C_LANGUAGE_STANDARD = gnu11;
				GCC_NO_COMMON_BLOCKS = YES;
				GCC_WARN_64_TO_32_BIT_CONVERSION = YES;
				GCC_WARN_ABOUT_RETURN_TYPE = YES_ERROR;
				GCC_WARN_UNDECLARED_SELECTOR = YES;
				GCC_WARN_UNINITIALIZED_AUTOS = YES_AGGRESSIVE;
				GCC_WARN_UNUSED_FUNCTION = YES;
				GCC_WARN_UNUSED_VARIABLE = YES;
				MACOSX_DEPLOYMENT_TARGET = 13.0;
				MTL_ENABLE_DEBUG_INFO = NO;
				MTL_FAST_MATH = YES;
				PRODUCT_NAME = "$(TARGET_NAME)";
				SDKROOT = macosx;
				SWIFT_COMPILATION_MODE = wholemodule;
				SWIFT_OPTIMIZATION_LEVEL = "-O";
				SWIFT_VERSION = 5.9;
			};
			name = Release;
		};
		E1C062B996E34C76E4C97A98 /* Release */ = {
			isa = XCBuildConfiguration;
			buildSettings = {
				ASSETCATALOG_COMPILER_APPICON_NAME = AppIcon;
				COMBINE_HIDPI_IMAGES = YES;
				GENERATE_INFOPLIST_FILE = YES;
				INFOPLIST_KEY_CFBundleDisplayName = Daihon;
				INFOPLIST_KEY_CFBundleName = Daihon;
				INFOPLIST_KEY_LSMinimumSystemVersion = 13.0;
				LD_RUNPATH_SEARCH_PATHS = (
					"$(inherited)",
					"@executable_path/../Frameworks",
				);
				MACOSX_DEPLOYMENT_TARGET = 13.0;
				PRODUCT_BUNDLE_IDENTIFIER = com.genericmilk.daihon;
				PRODUCT_NAME = Daihon;
				SDKROOT = macosx;
			};
			name = Release;
		};
/* End XCBuildConfiguration section */

/* Begin XCConfigurationList section */
		2038279F45642FB57D689124 /* Build configuration list for PBXNativeTarget "Daihon" */ = {
			isa = XCConfigurationList;
			buildConfigurations = (
				6A8197AE7A1A51327074FB35 /* Debug */,
				E1C062B996E34C76E4C97A98 /* Release */,
			);
			defaultConfigurationIsVisible = 0;
			defaultConfigurationName = Debug;
		};
		6352602BD64300949265FA39 /* Build configuration list for PBXProject "Daihon" */ = {
			isa = XCConfigurationList;
			buildConfigurations = (
				0BEFE8CC7150F3C21BE2265B /* Debug */,
				6FB2BD4C6A20E087CA7BC3BE /* Release */,
			);
			defaultConfigurationIsVisible = 0;
			defaultConfigurationName = Debug;
		};
/* End XCConfigurationList section */
	};
	rootObject = 5BAA48B3FFC03CB029DE03D0 /* Project object */;
}
